
Microsoft Visual Studio Solution File, Format Version 12.00
# Visual Studio Version 16
VisualStudioVersion = 16.0.30114.105
MinimumVisualStudioVersion = 10.0.40219.1
Project("{FAE04EC0-301F-11D3-BF4B-00C04F79EFBC}") = "Graph", "Graph\Graph.csproj", "{3B447363-6A48-40F5-9226-C2F07871CABE}"
EndProject
Project("{FAE04EC0-301F-11D3-BF4B-00C04F79EFBC}") = "Main", "Main\Main.csproj", "{FCBBDA48-3F53-4F00-A3BE-503326ED9376}"
EndProject
Project("{FAE04EC0-301F-11D3-BF4B-00C04F79EFBC}") = "StationUnitTests", "StationUnitTests\StationUnitTests.csproj", "{A7F5AB63-6F0E-43BF-A37E-F644C31A44A9}"
EndProject
Global
	GlobalSection(SolutionConfigurationPlatforms) = preSolution
		Debug|Any CPU = Debug|Any CPU
		Release|Any CPU = Release|Any CPU
	EndGlobalSection
	GlobalSection(SolutionProperties) = preSolution
		HideSolutionNode = FALSE
	EndGlobalSection
	GlobalSection(ProjectConfigurationPlatforms) = postSolution
		{3B447363-6A48-40F5-9226-C2F07871CABE}.Debug|Any CPU.ActiveCfg = Debug|Any CPU
		{3B447363-6A48-40F5-9226-C2F07871CABE}.Debug|Any CPU.Build.0 = Debug|Any CPU
		{3B447363-6A48-40F5-9226-C2F07871CABE}.Release|Any CPU.ActiveCfg = Release|Any CPU
		{3B447363-6A48-40F5-9226-C2F07871CABE}.Release|Any CPU.Build.0 = Release|Any CPU
		{FCBBDA48-3F53-4F00-A3BE-503326ED9376}.Debug|Any CPU.ActiveCfg = Debug|Any CPU
		{FCBBDA48-3F53-4F00-A3BE-503326ED9376}.Debug|Any CPU.Build.0 = Debug|Any CPU
		{FCBBDA48-3F53-4F00-A3BE-503326ED9376}.Release|Any CPU.ActiveCfg = Release|Any CPU
		{FCBBDA48-3F53-4F00-A3BE-503326ED9376}.Release|Any CPU.Build.0 = Release|Any CPU
		{A7F5AB63-6F0E-43BF-A37E-F644C31A44A9}.Debug|Any CPU.ActiveCfg = Debug|Any CPU
		{A7F5AB63-6F0E-43BF-A37E-F644C31A44A9}.Debug|Any CPU.Build.0 = Debug|Any CPU
		{A7F5AB63-6F0E-43BF-A37E-F644C31A44A9}.Release|Any CPU.ActiveCfg = Release|Any CPU
		{A7F5AB63-6F0E-43BF-A37E-F644C31A44A9}.Release|Any CPU.Build.0 = Release|Any CPU
	EndGlobalSection
EndGlobal
